// !$*UTF8*$!
{
	archiveVersion = 1;
	classes = {
	};
	objectVersion = 50;
	objects = {

/* Begin PBXBuildFile section */
		A60672A3245350A300CACFBA /* AppDelegate.swift in Sources */ = {isa = PBXBuildFile; fileRef = A60672A2245350A300CACFBA /* AppDelegate.swift */; };
		A60672A5245350A300CACFBA /* SceneDelegate.swift in Sources */ = {isa = PBXBuildFile; fileRef = A60672A4245350A300CACFBA /* SceneDelegate.swift */; };
		A60672AC245350AB00CACFBA /* Assets.xcassets in Resources */ = {isa = PBXBuildFile; fileRef = A60672AB245350AB00CACFBA /* Assets.xcassets */; };
		A60672AF245350AB00CACFBA /* LaunchScreen.storyboard in Resources */ = {isa = PBXBuildFile; fileRef = A60672AD245350AB00CACFBA /* LaunchScreen.storyboard */; };
		A60672B82453577800CACFBA /* HabitsTableViewController.swift in Sources */ = {isa = PBXBuildFile; fileRef = A60672B62453577800CACFBA /* HabitsTableViewController.swift */; };
		A60672B92453577800CACFBA /* HabitsTableViewController.xib in Resources */ = {isa = PBXBuildFile; fileRef = A60672B72453577800CACFBA /* HabitsTableViewController.xib */; };
		A63E5F492455AAAF002BA086 /* AddHabitViewController.swift in Sources */ = {isa = PBXBuildFile; fileRef = A63E5F472455AAAF002BA086 /* AddHabitViewController.swift */; };
		A63E5F4A2455AAAF002BA086 /* AddHabitViewController.xib in Resources */ = {isa = PBXBuildFile; fileRef = A63E5F482455AAAF002BA086 /* AddHabitViewController.xib */; };
		A63E6844245440F80053E3E0 /* Habit.swift in Sources */ = {isa = PBXBuildFile; fileRef = A63E6843245440F80053E3E0 /* Habit.swift */; };
		A63FB43A2453EB2C00F65D19 /* UIViewControllerExtensions.swift in Sources */ = {isa = PBXBuildFile; fileRef = A63FB4392453EB2C00F65D19 /* UIViewControllerExtensions.swift */; };
		A673B23524572C260083AB80 /* HabitImageCollectionViewCell.swift in Sources */ = {isa = PBXBuildFile; fileRef = A673B23324572C260083AB80 /* HabitImageCollectionViewCell.swift */; };
		A673B23624572C260083AB80 /* HabitImageCollectionViewCell.xib in Resources */ = {isa = PBXBuildFile; fileRef = A673B23424572C260083AB80 /* HabitImageCollectionViewCell.xib */; };
		A673B23924573FB00083AB80 /* ConfirmHabitViewController.swift in Sources */ = {isa = PBXBuildFile; fileRef = A673B23724573FB00083AB80 /* ConfirmHabitViewController.swift */; };
		A673B23A24573FB00083AB80 /* ConfirmHabitViewController.xib in Resources */ = {isa = PBXBuildFile; fileRef = A673B23824573FB00083AB80 /* ConfirmHabitViewController.xib */; };
		A67E9AC1245469870020AEA1 /* DateExtensions.swift in Sources */ = {isa = PBXBuildFile; fileRef = A67E9AC0245469870020AEA1 /* DateExtensions.swift */; };
		A67E9AC424547EE70020AEA1 /* HabitTableViewCell.swift in Sources */ = {isa = PBXBuildFile; fileRef = A67E9AC224547EE70020AEA1 /* HabitTableViewCell.swift */; };
		A67E9AC524547EE70020AEA1 /* HabitTableViewCell.xib in Resources */ = {isa = PBXBuildFile; fileRef = A67E9AC324547EE70020AEA1 /* HabitTableViewCell.xib */; };
		A67E9AC7245495040020AEA1 /* PersistantLayer.swift in Sources */ = {isa = PBXBuildFile; fileRef = A67E9AC6245495040020AEA1 /* PersistantLayer.swift */; };
		A68A7C412458097D00E15BF0 /* HabitDetailViewController.swift in Sources */ = {isa = PBXBuildFile; fileRef = A68A7C3F2458097D00E15BF0 /* HabitDetailViewController.swift */; };
		A68A7C422458097D00E15BF0 /* HabitDetailViewController.xib in Resources */ = {isa = PBXBuildFile; fileRef = A68A7C402458097D00E15BF0 /* HabitDetailViewController.xib */; };
/* End PBXBuildFile section */

/* Begin PBXFileReference section */
		A606729F245350A300CACFBA /* Habitify.app */ = {isa = PBXFileReference; explicitFileType = wrapper.application; includeInIndex = 0; path = Habitify.app; sourceTree = BUILT_PRODUCTS_DIR; };
		A60672A2245350A300CACFBA /* AppDelegate.swift */ = {isa = PBXFileReference; lastKnownFileType = sourcecode.swift; path = AppDelegate.swift; sourceTree = "<group>"; };
		A60672A4245350A300CACFBA /* SceneDelegate.swift */ = {isa = PBXFileReference; lastKnownFileType = sourcecode.swift; path = SceneDelegate.swift; sourceTree = "<group>"; };
		A60672AB245350AB00CACFBA /* Assets.xcassets */ = {isa = PBXFileReference; lastKnownFileType = folder.assetcatalog; path = Assets.xcassets; sourceTree = "<group>"; };
		A60672AE245350AB00CACFBA /* Base */ = {isa = PBXFileReference; lastKnownFileType = file.storyboard; name = Base; path = Base.lproj/LaunchScreen.storyboard; sourceTree = "<group>"; };
		A60672B0245350AB00CACFBA /* Info.plist */ = {isa = PBXFileReference; lastKnownFileType = text.plist.xml; path = Info.plist; sourceTree = "<group>"; };
		A60672B62453577800CACFBA /* HabitsTableViewController.swift */ = {isa = PBXFileReference; lastKnownFileType = sourcecode.swift; path = HabitsTableViewController.swift; sourceTree = "<group>"; };
		A60672B72453577800CACFBA /* HabitsTableViewController.xib */ = {isa = PBXFileReference; lastKnownFileType = file.xib; path = HabitsTableViewController.xib; sourceTree = "<group>"; };
		A63E5F472455AAAF002BA086 /* AddHabitViewController.swift */ = {isa = PBXFileReference; lastKnownFileType = sourcecode.swift; path = AddHabitViewController.swift; sourceTree = "<group>"; };
		A63E5F482455AAAF002BA086 /* AddHabitViewController.xib */ = {isa = PBXFileReference; lastKnownFileType = file.xib; path = AddHabitViewController.xib; sourceTree = "<group>"; };
		A63E6843245440F80053E3E0 /* Habit.swift */ = {isa = PBXFileReference; lastKnownFileType = sourcecode.swift; path = Habit.swift; sourceTree = "<group>"; };
		A63FB4392453EB2C00F65D19 /* UIViewControllerExtensions.swift */ = {isa = PBXFileReference; lastKnownFileType = sourcecode.swift; path = UIViewControllerExtensions.swift; sourceTree = "<group>"; };
		A673B23324572C260083AB80 /* HabitImageCollectionViewCell.swift */ = {isa = PBXFileReference; lastKnownFileType = sourcecode.swift; path = HabitImageCollectionViewCell.swift; sourceTree = "<group>"; };
		A673B23424572C260083AB80 /* HabitImageCollectionViewCell.xib */ = {isa = PBXFileReference; lastKnownFileType = file.xib; path = HabitImageCollectionViewCell.xib; sourceTree = "<group>"; };
		A673B23724573FB00083AB80 /* ConfirmHabitViewController.swift */ = {isa = PBXFileReference; lastKnownFileType = sourcecode.swift; path = ConfirmHabitViewController.swift; sourceTree = "<group>"; };
		A673B23824573FB00083AB80 /* ConfirmHabitViewController.xib */ = {isa = PBXFileReference; lastKnownFileType = file.xib; path = ConfirmHabitViewController.xib; sourceTree = "<group>"; };
		A67E9AC0245469870020AEA1 /* DateExtensions.swift */ = {isa = PBXFileReference; lastKnownFileType = sourcecode.swift; path = DateExtensions.swift; sourceTree = "<group>"; };
		A67E9AC224547EE70020AEA1 /* HabitTableViewCell.swift */ = {isa = PBXFileReference; lastKnownFileType = sourcecode.swift; path = HabitTableViewCell.swift; sourceTree = "<group>"; };
		A67E9AC324547EE70020AEA1 /* HabitTableViewCell.xib */ = {isa = PBXFileReference; lastKnownFileType = file.xib; path = HabitTableViewCell.xib; sourceTree = "<group>"; };
		A67E9AC6245495040020AEA1 /* PersistantLayer.swift */ = {isa = PBXFileReference; lastKnownFileType = sourcecode.swift; path = PersistantLayer.swift; sourceTree = "<group>"; };
		A68A7C3F2458097D00E15BF0 /* HabitDetailViewController.swift */ = {isa = PBXFileReference; lastKnownFileType = sourcecode.swift; path = HabitDetailViewController.swift; sourceTree = "<group>"; };
		A68A7C402458097D00E15BF0 /* HabitDetailViewController.xib */ = {isa = PBXFileReference; lastKnownFileType = file.xib; path = HabitDetailViewController.xib; sourceTree = "<group>"; };
/* End PBXFileReference section */

/* Begin PBXFrameworksBuildPhase section */
		A606729C245350A300CACFBA /* Frameworks */ = {
			isa = PBXFrameworksBuildPhase;
			buildActionMask = 2147483647;
			files = (
			);
			runOnlyForDeploymentPostprocessing = 0;
		};
/* End PBXFrameworksBuildPhase section */

/* Begin PBXGroup section */
		A6067296245350A300CACFBA = {
			isa = PBXGroup;
			children = (
				A60672A1245350A300CACFBA /* Habitify */,
				A60672A0245350A300CACFBA /* Products */,
			);
			sourceTree = "<group>";
		};
		A60672A0245350A300CACFBA /* Products */ = {
			isa = PBXGroup;
			children = (
				A606729F245350A300CACFBA /* Habitify.app */,
			);
			name = Products;
			sourceTree = "<group>";
		};
		A60672A1245350A300CACFBA /* Habitify */ = {
			isa = PBXGroup;
			children = (
				A63E6842245440E90053E3E0 /* Model */,
				A60672A2245350A300CACFBA /* AppDelegate.swift */,
				A60672A4245350A300CACFBA /* SceneDelegate.swift */,
				A60672BA2453584B00CACFBA /* Views */,
				A60672AB245350AB00CACFBA /* Assets.xcassets */,
				A60672AD245350AB00CACFBA /* LaunchScreen.storyboard */,
				A60672B0245350AB00CACFBA /* Info.plist */,
			);
			path = Habitify;
			sourceTree = "<group>";
		};
		A60672BA2453584B00CACFBA /* Views */ = {
			isa = PBXGroup;
			children = (
				A63FB4392453EB2C00F65D19 /* UIViewControllerExtensions.swift */,
				A60672B62453577800CACFBA /* HabitsTableViewController.swift */,
				A60672B72453577800CACFBA /* HabitsTableViewController.xib */,
				A67E9AC224547EE70020AEA1 /* HabitTableViewCell.swift */,
				A67E9AC324547EE70020AEA1 /* HabitTableViewCell.xib */,
				A63E5F472455AAAF002BA086 /* AddHabitViewController.swift */,
				A63E5F482455AAAF002BA086 /* AddHabitViewController.xib */,
				A673B23324572C260083AB80 /* HabitImageCollectionViewCell.swift */,
				A673B23424572C260083AB80 /* HabitImageCollectionViewCell.xib */,
				A673B23724573FB00083AB80 /* ConfirmHabitViewController.swift */,
				A673B23824573FB00083AB80 /* ConfirmHabitViewController.xib */,
				A68A7C3F2458097D00E15BF0 /* HabitDetailViewController.swift */,
				A68A7C402458097D00E15BF0 /* HabitDetailViewController.xib */,
			);
			path = Views;
			sourceTree = "<group>";
		};
		A63E6842245440E90053E3E0 /* Model */ = {
			isa = PBXGroup;
			children = (
				A63E6843245440F80053E3E0 /* Habit.swift */,
				A67E9AC0245469870020AEA1 /* DateExtensions.swift */,
				A67E9AC6245495040020AEA1 /* PersistantLayer.swift */,
			);
			path = Model;
			sourceTree = "<group>";
		};
/* End PBXGroup section */

/* Begin PBXNativeTarget section */
		A606729E245350A300CACFBA /* Habitify */ = {
			isa = PBXNativeTarget;
			buildConfigurationList = A60672B3245350AB00CACFBA /* Build configuration list for PBXNativeTarget "Habitify" */;
			buildPhases = (
				A606729B245350A300CACFBA /* Sources */,
				A606729C245350A300CACFBA /* Frameworks */,
				A606729D245350A300CACFBA /* Resources */,
			);
			buildRules = (
			);
			dependencies = (
			);
			name = Habitify;
			productName = Habitify;
			productReference = A606729F245350A300CACFBA /* Habitify.app */;
			productType = "com.apple.product-type.application";
		};
/* End PBXNativeTarget section */

/* Begin PBXProject section */
		A6067297245350A300CACFBA /* Project object */ = {
			isa = PBXProject;
			attributes = {
				LastSwiftUpdateCheck = 1140;
				LastUpgradeCheck = 1140;
				ORGANIZATIONNAME = "Aman Meena";
				TargetAttributes = {
					A606729E245350A300CACFBA = {
						CreatedOnToolsVersion = 11.4;
					};
				};
			};
			buildConfigurationList = A606729A245350A300CACFBA /* Build configuration list for PBXProject "Habitify" */;
			compatibilityVersion = "Xcode 9.3";
			developmentRegion = en;
			hasScannedForEncodings = 0;
			knownRegions = (
				en,
				Base,
			);
			mainGroup = A6067296245350A300CACFBA;
			productRefGroup = A60672A0245350A300CACFBA /* Products */;
			projectDirPath = "";
			projectRoot = "";
			targets = (
				A606729E245350A300CACFBA /* Habitify */,
			);
		};
/* End PBXProject section */

/* Begin PBXResourcesBuildPhase section */
		A606729D245350A300CACFBA /* Resources */ = {
			isa = PBXResourcesBuildPhase;
			buildActionMask = 2147483647;
			files = (
				A68A7C422458097D00E15BF0 /* HabitDetailViewController.xib in Resources */,
				A60672AF245350AB00CACFBA /* LaunchScreen.storyboard in Resources */,
				A63E5F4A2455AAAF002BA086 /* AddHabitViewController.xib in Resources */,
				A673B23A24573FB00083AB80 /* ConfirmHabitViewController.xib in Resources */,
				A60672B92453577800CACFBA /* HabitsTableViewController.xib in Resources */,
				A67E9AC524547EE70020AEA1 /* HabitTableViewCell.xib in Resources */,
				A673B23624572C260083AB80 /* HabitImageCollectionViewCell.xib in Resources */,
				A60672AC245350AB00CACFBA /* Assets.xcassets in Resources */,
			);
			runOnlyForDeploymentPostprocessing = 0;
		};
/* End PBXResourcesBuildPhase section */

/* Begin PBXSourcesBuildPhase section */
		A606729B245350A300CACFBA /* Sources */ = {
			isa = PBXSourcesBuildPhase;
			buildActionMask = 2147483647;
			files = (
				A68A7C412458097D00E15BF0 /* HabitDetailViewController.swift in Sources */,
				A63FB43A2453EB2C00F65D19 /* UIViewControllerExtensions.swift in Sources */,
				A63E6844245440F80053E3E0 /* Habit.swift in Sources */,
				A67E9AC7245495040020AEA1 /* PersistantLayer.swift in Sources */,
				A60672A3245350A300CACFBA /* AppDelegate.swift in Sources */,
				A60672A5245350A300CACFBA /* SceneDelegate.swift in Sources */,
				A60672B82453577800CACFBA /* HabitsTableViewController.swift in Sources */,
				A67E9AC424547EE70020AEA1 /* HabitTableViewCell.swift in Sources */,
				A673B23524572C260083AB80 /* HabitImageCollectionViewCell.swift in Sources */,
				A63E5F492455AAAF002BA086 /* AddHabitViewController.swift in Sources */,
				A673B23924573FB00083AB80 /* ConfirmHabitViewController.swift in Sources */,
				A67E9AC1245469870020AEA1 /* DateExtensions.swift in Sources */,
			);
			runOnlyForDeploymentPostprocessing = 0;
		};
/* End PBXSourcesBuildPhase section */

/* Begin PBXVariantGroup section */
		A60672AD245350AB00CACFBA /* LaunchScreen.storyboard */ = {
			isa = PBXVariantGroup;
			children = (
				A60672AE245350AB00CACFBA /* Base */,
			);
			name = LaunchScreen.storyboard;
			sourceTree = "<group>";
		};
/* End PBXVariantGroup section */

/* Begin XCBuildConfiguration section */
		A60672B1245350AB00CACFBA /* Debug */ = {
			isa = XCBuildConfiguration;
			buildSettings = {
				ALWAYS_SEARCH_USER_PATHS = NO;
				CLANG_ANALYZER_NONNULL = YES;
				CLANG_ANALYZER_NUMBER_OBJECT_CONVERSION = YES_AGGRESSIVE;
				CLANG_CXX_LANGUAGE_STANDARD = "gnu++14";
				CLANG_CXX_LIBRARY = "libc++";
				CLANG_ENABLE_MODULES = YES;
				CLANG_ENABLE_OBJC_ARC = YES;
				CLANG_ENABLE_OBJC_WEAK = YES;
				CLANG_WARN_BLOCK_CAPTURE_AUTORELEASING = YES;
				CLANG_WARN_BOOL_CONVERSION = YES;
				CLANG_WARN_COMMA = YES;
				CLANG_WARN_CONSTANT_CONVERSION = YES;
				CLANG_WARN_DEPRECATED_OBJC_IMPLEMENTATIONS = YES;
				CLANG_WARN_DIRECT_OBJC_ISA_USAGE = YES_ERROR;
				CLANG_WARN_DOCUMENTATION_COMMENTS = YES;
				CLANG_WARN_EMPTY_BODY = YES;
				CLANG_WARN_ENUM_CONVERSION = YES;
				CLANG_WARN_INFINITE_RECURSION = YES;
				CLANG_WARN_INT_CONVERSION = YES;
				CLANG_WARN_NON_LITERAL_NULL_CONVERSION = YES;
				CLANG_WARN_OBJC_IMPLICIT_RETAIN_SELF = YES;
				CLANG_WARN_OBJC_LITERAL_CONVERSION = YES;
				CLANG_WARN_OBJC_ROOT_CLASS = YES_ERROR;
				CLANG_WARN_RANGE_LOOP_ANALYSIS = YES;
				CLANG_WARN_STRICT_PROTOTYPES = YES;
				CLANG_WARN_SUSPICIOUS_MOVE = YES;
				CLANG_WARN_UNGUARDED_AVAILABILITY = YES_AGGRESSIVE;
				CLANG_WARN_UNREACHABLE_CODE = YES;
				CLANG_WARN__DUPLICATE_METHOD_MATCH = YES;
				COPY_PHASE_STRIP = NO;
				DEBUG_INFORMATION_FORMAT = dwarf;
				ENABLE_STRICT_OBJC_MSGSEND = YES;
				ENABLE_TESTABILITY = YES;
				GCC_C_LANGUAGE_STANDARD = gnu11;
				GCC_DYNAMIC_NO_PIC = NO;
				GCC_NO_COMMON_BLOCKS = YES;
				GCC_OPTIMIZATION_LEVEL = 0;
				GCC_PREPROCESSOR_DEFINITIONS = (
					"DEBUG=1",
					"$(inherited)",
				);
				GCC_WARN_64_TO_32_BIT_CONVERSION = YES;
				GCC_WARN_ABOUT_RETURN_TYPE = YES_ERROR;
				GCC_WARN_UNDECLARED_SELECTOR = YES;
				GCC_WARN_UNINITIALIZED_AUTOS = YES_AGGRESSIVE;
				GCC_WARN_UNUSED_FUNCTION = YES;
				GCC_WARN_UNUSED_VARIABLE = YES;
				IPHONEOS_DEPLOYMENT_TARGET = 13.4;
				MTL_ENABLE_DEBUG_INFO = INCLUDE_SOURCE;
				MTL_FAST_MATH = YES;
				ONLY_ACTIVE_ARCH = YES;
				SDKROOT = iphoneos;
				SWIFT_ACTIVE_COMPILATION_CONDITIONS = DEBUG;
				SWIFT_OPTIMIZATION_LEVEL = "-Onone";
			};
			name = Debug;
		};
		A60672B2245350AB00CACFBA /* Release */ = {
			isa = XCBuildConfiguration;
			buildSettings = {
				ALWAYS_SEARCH_USER_PATHS = NO;
				CLANG_ANALYZER_NONNULL = YES;
				CLANG_ANALYZER_NUMBER_OBJECT_CONVERSION = YES_AGGRESSIVE;
				CLANG_CXX_LANGUAGE_STANDARD = "gnu++14";
				CLANG_CXX_LIBRARY = "libc++";
				CLANG_ENABLE_MODULES = YES;
				CLANG_ENABLE_OBJC_ARC = YES;
				CLANG_ENABLE_OBJC_WEAK = YES;
				CLANG_WARN_BLOCK_CAPTURE_AUTORELEASING = YES;
				CLANG_WARN_BOOL_CONVERSION = YES;
				CLANG_WARN_COMMA = YES;
				CLANG_WARN_CONSTANT_CONVERSION = YES;
				CLANG_WARN_DEPRECATED_OBJC_IMPLEMENTATIONS = YES;
				CLANG_WARN_DIRECT_OBJC_ISA_USAGE = YES_ERROR;
				CLANG_WARN_DOCUMENTATION_COMMENTS = YES;
				CLANG_WARN_EMPTY_BODY = YES;
				CLANG_WARN_ENUM_CONVERSION = YES;
				CLANG_WARN_INFINITE_RECURSION = YES;
				CLANG_WARN_INT_CONVERSION = YES;
				CLANG_WARN_NON_LITERAL_NULL_CONVERSION = YES;
				CLANG_WARN_OBJC_IMPLICIT_RETAIN_SELF = YES;
				CLANG_WARN_OBJC_LITERAL_CONVERSION = YES;
				CLANG_WARN_OBJC_ROOT_CLASS = YES_ERROR;
				CLANG_WARN_RANGE_LOOP_ANALYSIS = YES;
				CLANG_WARN_STRICT_PROTOTYPES = YES;
				CLANG_WARN_SUSPICIOUS_MOVE = YES;
				CLANG_WARN_UNGUARDED_AVAILABILITY = YES_AGGRESSIVE;
				CLANG_WARN_UNREACHABLE_CODE = YES;
				CLANG_WARN__DUPLICATE_METHOD_MATCH = YES;
				COPY_PHASE_STRIP = NO;
				DEBUG_INFORMATION_FORMAT = "dwarf-with-dsym";
				ENABLE_NS_ASSERTIONS = NO;
				ENABLE_STRICT_OBJC_MSGSEND = YES;
				GCC_C_LANGUAGE_STANDARD = gnu11;
				GCC_NO_COMMON_BLOCKS = YES;
				GCC_WARN_64_TO_32_BIT_CONVERSION = YES;
				GCC_WARN_ABOUT_RETURN_TYPE = YES_ERROR;
				GCC_WARN_UNDECLARED_SELECTOR = YES;
				GCC_WARN_UNINITIALIZED_AUTOS = YES_AGGRESSIVE;
				GCC_WARN_UNUSED_FUNCTION = YES;
				GCC_WARN_UNUSED_VARIABLE = YES;
				IPHONEOS_DEPLOYMENT_TARGET = 13.4;
				MTL_ENABLE_DEBUG_INFO = NO;
				MTL_FAST_MATH = YES;
				SDKROOT = iphoneos;
				SWIFT_COMPILATION_MODE = wholemodule;
				SWIFT_OPTIMIZATION_LEVEL = "-O";
				VALIDATE_PRODUCT = YES;
			};
			name = Release;
		};
		A60672B4245350AB00CACFBA /* Debug */ = {
			isa = XCBuildConfiguration;
			buildSettings = {
				ASSETCATALOG_COMPILER_APPICON_NAME = AppIcon;
				CODE_SIGN_STYLE = Automatic;
				DEVELOPMENT_TEAM = 57DLV9DHHX;
				INFOPLIST_FILE = Habitify/Info.plist;
				LD_RUNPATH_SEARCH_PATHS = (
					"$(inherited)",
					"@executable_path/Frameworks",
				);
				PRODUCT_BUNDLE_IDENTIFIER = com.noturbuoy.Habitify;
				PRODUCT_NAME = "$(TARGET_NAME)";
				SWIFT_VERSION = 5.0;
				TARGETED_DEVICE_FAMILY = "1,2";
			};
			name = Debug;
		};
		A60672B5245350AB00CACFBA /* Release */ = {
			isa = XCBuildConfiguration;
			buildSettings = {
				ASSETCATALOG_COMPILER_APPICON_NAME = AppIcon;
				CODE_SIGN_STYLE = Automatic;
				DEVELOPMENT_TEAM = 57DLV9DHHX;
				INFOPLIST_FILE = Habitify/Info.plist;
				LD_RUNPATH_SEARCH_PATHS = (
					"$(inherited)",
					"@executable_path/Frameworks",
				);
				PRODUCT_BUNDLE_IDENTIFIER = com.noturbuoy.Habitify;
				PRODUCT_NAME = "$(TARGET_NAME)";
				SWIFT_VERSION = 5.0;
				TARGETED_DEVICE_FAMILY = "1,2";
			};
			name = Release;
		};
/* End XCBuildConfiguration section */

/* Begin XCConfigurationList section */
		A606729A245350A300CACFBA /* Build configuration list for PBXProject "Habitify" */ = {
			isa = XCConfigurationList;
			buildConfigurations = (
				A60672B1245350AB00CACFBA /* Debug */,
				A60672B2245350AB00CACFBA /* Release */,
			);
			defaultConfigurationIsVisible = 0;
			defaultConfigurationName = Release;
		};
		A60672B3245350AB00CACFBA /* Build configuration list for PBXNativeTarget "Habitify" */ = {
			isa = XCConfigurationList;
			buildConfigurations = (
				A60672B4245350AB00CACFBA /* Debug */,
				A60672B5245350AB00CACFBA /* Release */,
			);
			defaultConfigurationIsVisible = 0;
			defaultConfigurationName = Release;
		};
/* End XCConfigurationList section */
	};
	rootObject = A6067297245350A300CACFBA /* Project object */;
}
